// !$*UTF8*$!
{
	archiveVersion = 1;
	classes = {
	};
	objectVersion = 50;
	objects = {

/* Begin PBXBuildFile section */
		49175ED925BF6139003E9FEF /* SwiftArrow.framework in Frameworks */ = {isa = PBXBuildFile; fileRef = 49175ECF25BF6138003E9FEF /* SwiftArrow.framework */; };
		49175EDE25BF6139003E9FEF /* SwiftArrowTests.swift in Sources */ = {isa = PBXBuildFile; fileRef = 49175EDD25BF6139003E9FEF /* SwiftArrowTests.swift */; };
		49175EE025BF6139003E9FEF /* SwiftArrow.h in Headers */ = {isa = PBXBuildFile; fileRef = 49175ED225BF6138003E9FEF /* SwiftArrow.h */; settings = {ATTRIBUTES = (Public, ); }; };
		49175EFC25BF6267003E9FEF /* SwiftArrow.swift in Sources */ = {isa = PBXBuildFile; fileRef = 49175EFB25BF6267003E9FEF /* SwiftArrow.swift */; };
		492E72A225CCAF43003C8D58 /* arcolyte.h in Headers */ = {isa = PBXBuildFile; fileRef = 492E72A125CCAF43003C8D58 /* arcolyte.h */; settings = {ATTRIBUTES = (Public, ); }; };
		492E72AA25CCAF86003C8D58 /* libarcolyte.a in Frameworks */ = {isa = PBXBuildFile; fileRef = 492E72A925CCAF86003C8D58 /* libarcolyte.a */; };
		492E72B025CCBD57003C8D58 /* buildrust.sh in Resources */ = {isa = PBXBuildFile; fileRef = 492E72AF25CCBD57003C8D58 /* buildrust.sh */; };
		492E72DC25CCC170003C8D58 /* Tests_iOS.swift in Sources */ = {isa = PBXBuildFile; fileRef = 492E72DB25CCC170003C8D58 /* Tests_iOS.swift */; };
		492E72E725CCC170003C8D58 /* Tests_macOS.swift in Sources */ = {isa = PBXBuildFile; fileRef = 492E72E625CCC170003C8D58 /* Tests_macOS.swift */; };
		492E72E925CCC170003C8D58 /* ParquetteApp.swift in Sources */ = {isa = PBXBuildFile; fileRef = 492E72C025CCC16D003C8D58 /* ParquetteApp.swift */; };
		492E72EA25CCC170003C8D58 /* ParquetteApp.swift in Sources */ = {isa = PBXBuildFile; fileRef = 492E72C025CCC16D003C8D58 /* ParquetteApp.swift */; };
		492E72EF25CCC170003C8D58 /* Assets.xcassets in Resources */ = {isa = PBXBuildFile; fileRef = 492E72C325CCC170003C8D58 /* Assets.xcassets */; };
		492E72F025CCC170003C8D58 /* Assets.xcassets in Resources */ = {isa = PBXBuildFile; fileRef = 492E72C325CCC170003C8D58 /* Assets.xcassets */; };
		492E730525CCC1B9003C8D58 /* SwiftArrow.framework in Frameworks */ = {isa = PBXBuildFile; fileRef = 49175ECF25BF6138003E9FEF /* SwiftArrow.framework */; };
		492E730625CCC1B9003C8D58 /* SwiftArrow.framework in Embed Frameworks */ = {isa = PBXBuildFile; fileRef = 49175ECF25BF6138003E9FEF /* SwiftArrow.framework */; settings = {ATTRIBUTES = (CodeSignOnCopy, RemoveHeadersOnCopy, ); }; };
/* End PBXBuildFile section */

/* Begin PBXContainerItemProxy section */
		49175EDA25BF6139003E9FEF /* PBXContainerItemProxy */ = {
			isa = PBXContainerItemProxy;
			containerPortal = 49175EC625BF6138003E9FEF /* Project object */;
			proxyType = 1;
			remoteGlobalIDString = 49175ECE25BF6138003E9FEF;
			remoteInfo = SwiftArrow;
		};
		492E72D825CCC170003C8D58 /* PBXContainerItemProxy */ = {
			isa = PBXContainerItemProxy;
			containerPortal = 49175EC625BF6138003E9FEF /* Project object */;
			proxyType = 1;
			remoteGlobalIDString = 492E72C725CCC170003C8D58;
			remoteInfo = "Parquette (iOS)";
		};
		492E72E325CCC170003C8D58 /* PBXContainerItemProxy */ = {
			isa = PBXContainerItemProxy;
			containerPortal = 49175EC625BF6138003E9FEF /* Project object */;
			proxyType = 1;
			remoteGlobalIDString = 492E72CE25CCC170003C8D58;
			remoteInfo = "Parquette (macOS)";
		};
		492E730725CCC1B9003C8D58 /* PBXContainerItemProxy */ = {
			isa = PBXContainerItemProxy;
			containerPortal = 49175EC625BF6138003E9FEF /* Project object */;
			proxyType = 1;
			remoteGlobalIDString = 49175ECE25BF6138003E9FEF;
			remoteInfo = SwiftArrow;
		};
/* End PBXContainerItemProxy section */

/* Begin PBXCopyFilesBuildPhase section */
		492E730925CCC1B9003C8D58 /* Embed Frameworks */ = {
			isa = PBXCopyFilesBuildPhase;
			buildActionMask = 2147483647;
			dstPath = "";
			dstSubfolderSpec = 10;
			files = (
				492E730625CCC1B9003C8D58 /* SwiftArrow.framework in Embed Frameworks */,
			);
			name = "Embed Frameworks";
			runOnlyForDeploymentPostprocessing = 0;
		};
		498CFD0325C05FA000047E65 /* CopyFiles */ = {
			isa = PBXCopyFilesBuildPhase;
			buildActionMask = 2147483647;
			dstPath = "";
			dstSubfolderSpec = 7;
			files = (
			);
			runOnlyForDeploymentPostprocessing = 0;
		};
/* End PBXCopyFilesBuildPhase section */

/* Begin PBXFileReference section */
		49175ECF25BF6138003E9FEF /* SwiftArrow.framework */ = {isa = PBXFileReference; explicitFileType = wrapper.framework; includeInIndex = 0; path = SwiftArrow.framework; sourceTree = BUILT_PRODUCTS_DIR; };
		49175ED225BF6138003E9FEF /* SwiftArrow.h */ = {isa = PBXFileReference; lastKnownFileType = sourcecode.c.h; path = SwiftArrow.h; sourceTree = "<group>"; };
		49175ED325BF6138003E9FEF /* Info.plist */ = {isa = PBXFileReference; lastKnownFileType = text.plist.xml; path = Info.plist; sourceTree = "<group>"; };
		49175ED825BF6139003E9FEF /* SwiftArrowTests.xctest */ = {isa = PBXFileReference; explicitFileType = wrapper.cfbundle; includeInIndex = 0; path = SwiftArrowTests.xctest; sourceTree = BUILT_PRODUCTS_DIR; };
		49175EDD25BF6139003E9FEF /* SwiftArrowTests.swift */ = {isa = PBXFileReference; lastKnownFileType = sourcecode.swift; path = SwiftArrowTests.swift; sourceTree = "<group>"; };
		49175EDF25BF6139003E9FEF /* Info.plist */ = {isa = PBXFileReference; lastKnownFileType = text.plist.xml; path = Info.plist; sourceTree = "<group>"; };
		49175EFB25BF6267003E9FEF /* SwiftArrow.swift */ = {isa = PBXFileReference; lastKnownFileType = sourcecode.swift; path = SwiftArrow.swift; sourceTree = "<group>"; };
		49175F0F25BFC4EF003E9FEF /* SwiftArrow.modulemap */ = {isa = PBXFileReference; lastKnownFileType = "sourcecode.module-map"; path = SwiftArrow.modulemap; sourceTree = "<group>"; };
		492E72A125CCAF43003C8D58 /* arcolyte.h */ = {isa = PBXFileReference; fileEncoding = 4; lastKnownFileType = sourcecode.c.h; name = arcolyte.h; path = arcolyte/target/arcolyte.h; sourceTree = SOURCE_ROOT; };
		492E72A925CCAF86003C8D58 /* libarcolyte.a */ = {isa = PBXFileReference; lastKnownFileType = archive.ar; name = libarcolyte.a; path = arcolyte/target/libarcolyte.a; sourceTree = "<group>"; };
		492E72AF25CCBD57003C8D58 /* buildrust.sh */ = {isa = PBXFileReference; fileEncoding = 4; lastKnownFileType = text.script.sh; path = buildrust.sh; sourceTree = "<group>"; };
		492E72C025CCC16D003C8D58 /* ParquetteApp.swift */ = {isa = PBXFileReference; lastKnownFileType = sourcecode.swift; path = ParquetteApp.swift; sourceTree = "<group>"; };
		492E72C325CCC170003C8D58 /* Assets.xcassets */ = {isa = PBXFileReference; lastKnownFileType = folder.assetcatalog; path = Assets.xcassets; sourceTree = "<group>"; };
		492E72C825CCC170003C8D58 /* Parquette.app */ = {isa = PBXFileReference; explicitFileType = wrapper.application; includeInIndex = 0; path = Parquette.app; sourceTree = BUILT_PRODUCTS_DIR; };
		492E72CA25CCC170003C8D58 /* Info.plist */ = {isa = PBXFileReference; lastKnownFileType = text.plist.xml; path = Info.plist; sourceTree = "<group>"; };
		492E72CF25CCC170003C8D58 /* Parquette.app */ = {isa = PBXFileReference; explicitFileType = wrapper.application; includeInIndex = 0; path = Parquette.app; sourceTree = BUILT_PRODUCTS_DIR; };
		492E72D125CCC170003C8D58 /* Info.plist */ = {isa = PBXFileReference; lastKnownFileType = text.plist.xml; path = Info.plist; sourceTree = "<group>"; };
		492E72D225CCC170003C8D58 /* macOS.entitlements */ = {isa = PBXFileReference; lastKnownFileType = text.plist.entitlements; path = macOS.entitlements; sourceTree = "<group>"; };
		492E72D725CCC170003C8D58 /* Tests iOS.xctest */ = {isa = PBXFileReference; explicitFileType = wrapper.cfbundle; includeInIndex = 0; path = "Tests iOS.xctest"; sourceTree = BUILT_PRODUCTS_DIR; };
		492E72DB25CCC170003C8D58 /* Tests_iOS.swift */ = {isa = PBXFileReference; lastKnownFileType = sourcecode.swift; path = Tests_iOS.swift; sourceTree = "<group>"; };
		492E72DD25CCC170003C8D58 /* Info.plist */ = {isa = PBXFileReference; lastKnownFileType = text.plist.xml; path = Info.plist; sourceTree = "<group>"; };
		492E72E225CCC170003C8D58 /* Tests macOS.xctest */ = {isa = PBXFileReference; explicitFileType = wrapper.cfbundle; includeInIndex = 0; path = "Tests macOS.xctest"; sourceTree = BUILT_PRODUCTS_DIR; };
		492E72E625CCC170003C8D58 /* Tests_macOS.swift */ = {isa = PBXFileReference; lastKnownFileType = sourcecode.swift; path = Tests_macOS.swift; sourceTree = "<group>"; };
		492E72E825CCC170003C8D58 /* Info.plist */ = {isa = PBXFileReference; lastKnownFileType = text.plist.xml; path = Info.plist; sourceTree = "<group>"; };
		497CA76F25CCAB7C00180E77 /* arcolyte */ = {isa = PBXFileReference; lastKnownFileType = folder; path = arcolyte; sourceTree = "<group>"; };
/* End PBXFileReference section */

/* Begin PBXFrameworksBuildPhase section */
		49175ECC25BF6138003E9FEF /* Frameworks */ = {
			isa = PBXFrameworksBuildPhase;
			buildActionMask = 2147483647;
			files = (
				492E72AA25CCAF86003C8D58 /* libarcolyte.a in Frameworks */,
			);
			runOnlyForDeploymentPostprocessing = 0;
		};
		49175ED525BF6139003E9FEF /* Frameworks */ = {
			isa = PBXFrameworksBuildPhase;
			buildActionMask = 2147483647;
			files = (
				49175ED925BF6139003E9FEF /* SwiftArrow.framework in Frameworks */,
			);
			runOnlyForDeploymentPostprocessing = 0;
		};
		492E72C525CCC170003C8D58 /* Frameworks */ = {
			isa = PBXFrameworksBuildPhase;
			buildActionMask = 2147483647;
			files = (
			);
			runOnlyForDeploymentPostprocessing = 0;
		};
		492E72CC25CCC170003C8D58 /* Frameworks */ = {
			isa = PBXFrameworksBuildPhase;
			buildActionMask = 2147483647;
			files = (
				492E730525CCC1B9003C8D58 /* SwiftArrow.framework in Frameworks */,
			);
			runOnlyForDeploymentPostprocessing = 0;
		};
		492E72D425CCC170003C8D58 /* Frameworks */ = {
			isa = PBXFrameworksBuildPhase;
			buildActionMask = 2147483647;
			files = (
			);
			runOnlyForDeploymentPostprocessing = 0;
		};
		492E72DF25CCC170003C8D58 /* Frameworks */ = {
			isa = PBXFrameworksBuildPhase;
			buildActionMask = 2147483647;
			files = (
			);
			runOnlyForDeploymentPostprocessing = 0;
		};
/* End PBXFrameworksBuildPhase section */

/* Begin PBXGroup section */
		49175EC525BF6138003E9FEF = {
			isa = PBXGroup;
			children = (
				497CA76F25CCAB7C00180E77 /* arcolyte */,
				49175ED125BF6138003E9FEF /* SwiftArrow */,
				49175EDC25BF6139003E9FEF /* SwiftArrowTests */,
				492E72BF25CCC16D003C8D58 /* Shared */,
				492E72C925CCC170003C8D58 /* iOS */,
				492E72D025CCC170003C8D58 /* macOS */,
				492E72DA25CCC170003C8D58 /* Tests iOS */,
				492E72E525CCC170003C8D58 /* Tests macOS */,
				49175ED025BF6138003E9FEF /* Products */,
				498CFCE025C0556400047E65 /* Frameworks */,
			);
			sourceTree = "<group>";
		};
		49175ED025BF6138003E9FEF /* Products */ = {
			isa = PBXGroup;
			children = (
				49175ECF25BF6138003E9FEF /* SwiftArrow.framework */,
				49175ED825BF6139003E9FEF /* SwiftArrowTests.xctest */,
				492E72C825CCC170003C8D58 /* Parquette.app */,
				492E72CF25CCC170003C8D58 /* Parquette.app */,
				492E72D725CCC170003C8D58 /* Tests iOS.xctest */,
				492E72E225CCC170003C8D58 /* Tests macOS.xctest */,
			);
			name = Products;
			sourceTree = "<group>";
		};
		49175ED125BF6138003E9FEF /* SwiftArrow */ = {
			isa = PBXGroup;
			children = (
				492E72AF25CCBD57003C8D58 /* buildrust.sh */,
				49175EFB25BF6267003E9FEF /* SwiftArrow.swift */,
				49175ED325BF6138003E9FEF /* Info.plist */,
				49175F0F25BFC4EF003E9FEF /* SwiftArrow.modulemap */,
				49175ED225BF6138003E9FEF /* SwiftArrow.h */,
				492E72A125CCAF43003C8D58 /* arcolyte.h */,
			);
			path = SwiftArrow;
			sourceTree = "<group>";
		};
		49175EDC25BF6139003E9FEF /* SwiftArrowTests */ = {
			isa = PBXGroup;
			children = (
				49175EDD25BF6139003E9FEF /* SwiftArrowTests.swift */,
				49175EDF25BF6139003E9FEF /* Info.plist */,
			);
			path = SwiftArrowTests;
			sourceTree = "<group>";
		};
		492E72BF25CCC16D003C8D58 /* Shared */ = {
			isa = PBXGroup;
			children = (
				492E72C025CCC16D003C8D58 /* ParquetteApp.swift */,
				492E72C325CCC170003C8D58 /* Assets.xcassets */,
			);
			path = Shared;
			sourceTree = "<group>";
		};
		492E72C925CCC170003C8D58 /* iOS */ = {
			isa = PBXGroup;
			children = (
				492E72CA25CCC170003C8D58 /* Info.plist */,
			);
			path = iOS;
			sourceTree = "<group>";
		};
		492E72D025CCC170003C8D58 /* macOS */ = {
			isa = PBXGroup;
			children = (
				492E72D125CCC170003C8D58 /* Info.plist */,
				492E72D225CCC170003C8D58 /* macOS.entitlements */,
			);
			path = macOS;
			sourceTree = "<group>";
		};
		492E72DA25CCC170003C8D58 /* Tests iOS */ = {
			isa = PBXGroup;
			children = (
				492E72DB25CCC170003C8D58 /* Tests_iOS.swift */,
				492E72DD25CCC170003C8D58 /* Info.plist */,
			);
			path = "Tests iOS";
			sourceTree = "<group>";
		};
		492E72E525CCC170003C8D58 /* Tests macOS */ = {
			isa = PBXGroup;
			children = (
				492E72E625CCC170003C8D58 /* Tests_macOS.swift */,
				492E72E825CCC170003C8D58 /* Info.plist */,
			);
			path = "Tests macOS";
			sourceTree = "<group>";
		};
		498CFCE025C0556400047E65 /* Frameworks */ = {
			isa = PBXGroup;
			children = (
				492E72A925CCAF86003C8D58 /* libarcolyte.a */,
			);
			name = Frameworks;
			sourceTree = "<group>";
		};
/* End PBXGroup section */

/* Begin PBXHeadersBuildPhase section */
		49175ECA25BF6138003E9FEF /* Headers */ = {
			isa = PBXHeadersBuildPhase;
			buildActionMask = 2147483647;
			files = (
				49175EE025BF6139003E9FEF /* SwiftArrow.h in Headers */,
				492E72A225CCAF43003C8D58 /* arcolyte.h in Headers */,
			);
			runOnlyForDeploymentPostprocessing = 0;
		};
/* End PBXHeadersBuildPhase section */

/* Begin PBXNativeTarget section */
		49175ECE25BF6138003E9FEF /* SwiftArrow */ = {
			isa = PBXNativeTarget;
			buildConfigurationList = 49175EE325BF6139003E9FEF /* Build configuration list for PBXNativeTarget "SwiftArrow" */;
			buildPhases = (
				49175F3825C051DF003E9FEF /* buildrust.sh */,
				498CFD0325C05FA000047E65 /* CopyFiles */,
				49175ECA25BF6138003E9FEF /* Headers */,
				49175ECB25BF6138003E9FEF /* Sources */,
				49175ECC25BF6138003E9FEF /* Frameworks */,
				49175ECD25BF6138003E9FEF /* Resources */,
			);
			buildRules = (
			);
			dependencies = (
			);
			name = SwiftArrow;
			productName = SwiftArrow;
			productReference = 49175ECF25BF6138003E9FEF /* SwiftArrow.framework */;
			productType = "com.apple.product-type.framework";
		};
		49175ED725BF6139003E9FEF /* SwiftArrowTests */ = {
			isa = PBXNativeTarget;
			buildConfigurationList = 49175EE625BF6139003E9FEF /* Build configuration list for PBXNativeTarget "SwiftArrowTests" */;
			buildPhases = (
				49175ED425BF6139003E9FEF /* Sources */,
				49175ED525BF6139003E9FEF /* Frameworks */,
				49175ED625BF6139003E9FEF /* Resources */,
			);
			buildRules = (
			);
			dependencies = (
				49175EDB25BF6139003E9FEF /* PBXTargetDependency */,
			);
			name = SwiftArrowTests;
			productName = SwiftArrowTests;
			productReference = 49175ED825BF6139003E9FEF /* SwiftArrowTests.xctest */;
			productType = "com.apple.product-type.bundle.unit-test";
		};
		492E72C725CCC170003C8D58 /* Parquette (iOS) */ = {
			isa = PBXNativeTarget;
			buildConfigurationList = 492E72F125CCC170003C8D58 /* Build configuration list for PBXNativeTarget "Parquette (iOS)" */;
			buildPhases = (
				492E72C425CCC170003C8D58 /* Sources */,
				492E72C525CCC170003C8D58 /* Frameworks */,
				492E72C625CCC170003C8D58 /* Resources */,
			);
			buildRules = (
			);
			dependencies = (
			);
			name = "Parquette (iOS)";
			productName = "Parquette (iOS)";
			productReference = 492E72C825CCC170003C8D58 /* Parquette.app */;
			productType = "com.apple.product-type.application";
		};
		492E72CE25CCC170003C8D58 /* Parquette (macOS) */ = {
			isa = PBXNativeTarget;
			buildConfigurationList = 492E72F425CCC170003C8D58 /* Build configuration list for PBXNativeTarget "Parquette (macOS)" */;
			buildPhases = (
				492E72CB25CCC170003C8D58 /* Sources */,
				492E72CC25CCC170003C8D58 /* Frameworks */,
				492E72CD25CCC170003C8D58 /* Resources */,
				492E730925CCC1B9003C8D58 /* Embed Frameworks */,
			);
			buildRules = (
			);
			dependencies = (
				492E730825CCC1B9003C8D58 /* PBXTargetDependency */,
			);
			name = "Parquette (macOS)";
			productName = "Parquette (macOS)";
			productReference = 492E72CF25CCC170003C8D58 /* Parquette.app */;
			productType = "com.apple.product-type.application";
		};
		492E72D625CCC170003C8D58 /* Tests iOS */ = {
			isa = PBXNativeTarget;
			buildConfigurationList = 492E72F725CCC170003C8D58 /* Build configuration list for PBXNativeTarget "Tests iOS" */;
			buildPhases = (
				492E72D325CCC170003C8D58 /* Sources */,
				492E72D425CCC170003C8D58 /* Frameworks */,
				492E72D525CCC170003C8D58 /* Resources */,
			);
			buildRules = (
			);
			dependencies = (
				492E72D925CCC170003C8D58 /* PBXTargetDependency */,
			);
			name = "Tests iOS";
			productName = "Tests iOS";
			productReference = 492E72D725CCC170003C8D58 /* Tests iOS.xctest */;
			productType = "com.apple.product-type.bundle.ui-testing";
		};
		492E72E125CCC170003C8D58 /* Tests macOS */ = {
			isa = PBXNativeTarget;
			buildConfigurationList = 492E72FA25CCC170003C8D58 /* Build configuration list for PBXNativeTarget "Tests macOS" */;
			buildPhases = (
				492E72DE25CCC170003C8D58 /* Sources */,
				492E72DF25CCC170003C8D58 /* Frameworks */,
				492E72E025CCC170003C8D58 /* Resources */,
			);
			buildRules = (
			);
			dependencies = (
				492E72E425CCC170003C8D58 /* PBXTargetDependency */,
			);
			name = "Tests macOS";
			productName = "Tests macOS";
			productReference = 492E72E225CCC170003C8D58 /* Tests macOS.xctest */;
			productType = "com.apple.product-type.bundle.ui-testing";
		};
/* End PBXNativeTarget section */

/* Begin PBXProject section */
		49175EC625BF6138003E9FEF /* Project object */ = {
			isa = PBXProject;
			attributes = {
				LastSwiftUpdateCheck = 1240;
				LastUpgradeCheck = 1230;
				TargetAttributes = {
					49175ECE25BF6138003E9FEF = {
						CreatedOnToolsVersion = 12.3;
						LastSwiftMigration = 1230;
					};
					49175ED725BF6139003E9FEF = {
						CreatedOnToolsVersion = 12.3;
					};
					492E72C725CCC170003C8D58 = {
						CreatedOnToolsVersion = 12.4;
					};
					492E72CE25CCC170003C8D58 = {
						CreatedOnToolsVersion = 12.4;
					};
					492E72D625CCC170003C8D58 = {
						CreatedOnToolsVersion = 12.4;
						TestTargetID = 492E72C725CCC170003C8D58;
					};
					492E72E125CCC170003C8D58 = {
						CreatedOnToolsVersion = 12.4;
						TestTargetID = 492E72CE25CCC170003C8D58;
					};
				};
			};
			buildConfigurationList = 49175EC925BF6138003E9FEF /* Build configuration list for PBXProject "Parquette" */;
			compatibilityVersion = "Xcode 9.3";
			developmentRegion = en;
			hasScannedForEncodings = 0;
			knownRegions = (
				en,
				Base,
			);
			mainGroup = 49175EC525BF6138003E9FEF;
			productRefGroup = 49175ED025BF6138003E9FEF /* Products */;
			projectDirPath = "";
			projectRoot = "";
			targets = (
				49175ECE25BF6138003E9FEF /* SwiftArrow */,
				49175ED725BF6139003E9FEF /* SwiftArrowTests */,
				492E72C725CCC170003C8D58 /* Parquette (iOS) */,
				492E72CE25CCC170003C8D58 /* Parquette (macOS) */,
				492E72D625CCC170003C8D58 /* Tests iOS */,
				492E72E125CCC170003C8D58 /* Tests macOS */,
			);
		};
/* End PBXProject section */

/* Begin PBXResourcesBuildPhase section */
		49175ECD25BF6138003E9FEF /* Resources */ = {
			isa = PBXResourcesBuildPhase;
			buildActionMask = 2147483647;
			files = (
				492E72B025CCBD57003C8D58 /* buildrust.sh in Resources */,
			);
			runOnlyForDeploymentPostprocessing = 0;
		};
		49175ED625BF6139003E9FEF /* Resources */ = {
			isa = PBXResourcesBuildPhase;
			buildActionMask = 2147483647;
			files = (
			);
			runOnlyForDeploymentPostprocessing = 0;
		};
		492E72C625CCC170003C8D58 /* Resources */ = {
			isa = PBXResourcesBuildPhase;
			buildActionMask = 2147483647;
			files = (
				492E72EF25CCC170003C8D58 /* Assets.xcassets in Resources */,
			);
			runOnlyForDeploymentPostprocessing = 0;
		};
		492E72CD25CCC170003C8D58 /* Resources */ = {
			isa = PBXResourcesBuildPhase;
			buildActionMask = 2147483647;
			files = (
				492E72F025CCC170003C8D58 /* Assets.xcassets in Resources */,
			);
			runOnlyForDeploymentPostprocessing = 0;
		};
		492E72D525CCC170003C8D58 /* Resources */ = {
			isa = PBXResourcesBuildPhase;
			buildActionMask = 2147483647;
			files = (
			);
			runOnlyForDeploymentPostprocessing = 0;
		};
		492E72E025CCC170003C8D58 /* Resources */ = {
			isa = PBXResourcesBuildPhase;
			buildActionMask = 2147483647;
			files = (
			);
			runOnlyForDeploymentPostprocessing = 0;
		};
/* End PBXResourcesBuildPhase section */

/* Begin PBXShellScriptBuildPhase section */
		49175F3825C051DF003E9FEF /* buildrust.sh */ = {
			isa = PBXShellScriptBuildPhase;
			buildActionMask = 2147483647;
			files = (
			);
			inputFileListPaths = (
			);
			inputPaths = (
			);
			name = buildrust.sh;
			outputFileListPaths = (
			);
			outputPaths = (
			);
			runOnlyForDeploymentPostprocessing = 0;
			shellPath = "/bin/sh -e";
			shellScript = "${SRCROOT}/${TARGET_NAME}/buildrust.sh\n";
		};
/* End PBXShellScriptBuildPhase section */

/* Begin PBXSourcesBuildPhase section */
		49175ECB25BF6138003E9FEF /* Sources */ = {
			isa = PBXSourcesBuildPhase;
			buildActionMask = 2147483647;
			files = (
				49175EFC25BF6267003E9FEF /* SwiftArrow.swift in Sources */,
			);
			runOnlyForDeploymentPostprocessing = 0;
		};
		49175ED425BF6139003E9FEF /* Sources */ = {
			isa = PBXSourcesBuildPhase;
			buildActionMask = 2147483647;
			files = (
				49175EDE25BF6139003E9FEF /* SwiftArrowTests.swift in Sources */,
			);
			runOnlyForDeploymentPostprocessing = 0;
		};
		492E72C425CCC170003C8D58 /* Sources */ = {
			isa = PBXSourcesBuildPhase;
			buildActionMask = 2147483647;
			files = (
				492E72E925CCC170003C8D58 /* ParquetteApp.swift in Sources */,
			);
			runOnlyForDeploymentPostprocessing = 0;
		};
		492E72CB25CCC170003C8D58 /* Sources */ = {
			isa = PBXSourcesBuildPhase;
			buildActionMask = 2147483647;
			files = (
				492E72EA25CCC170003C8D58 /* ParquetteApp.swift in Sources */,
			);
			runOnlyForDeploymentPostprocessing = 0;
		};
		492E72D325CCC170003C8D58 /* Sources */ = {
			isa = PBXSourcesBuildPhase;
			buildActionMask = 2147483647;
			files = (
				492E72DC25CCC170003C8D58 /* Tests_iOS.swift in Sources */,
			);
			runOnlyForDeploymentPostprocessing = 0;
		};
		492E72DE25CCC170003C8D58 /* Sources */ = {
			isa = PBXSourcesBuildPhase;
			buildActionMask = 2147483647;
			files = (
				492E72E725CCC170003C8D58 /* Tests_macOS.swift in Sources */,
			);
			runOnlyForDeploymentPostprocessing = 0;
		};
/* End PBXSourcesBuildPhase section */

/* Begin PBXTargetDependency section */
		49175EDB25BF6139003E9FEF /* PBXTargetDependency */ = {
			isa = PBXTargetDependency;
			target = 49175ECE25BF6138003E9FEF /* SwiftArrow */;
			targetProxy = 49175EDA25BF6139003E9FEF /* PBXContainerItemProxy */;
		};
		492E72D925CCC170003C8D58 /* PBXTargetDependency */ = {
			isa = PBXTargetDependency;
			target = 492E72C725CCC170003C8D58 /* Parquette (iOS) */;
			targetProxy = 492E72D825CCC170003C8D58 /* PBXContainerItemProxy */;
		};
		492E72E425CCC170003C8D58 /* PBXTargetDependency */ = {
			isa = PBXTargetDependency;
			target = 492E72CE25CCC170003C8D58 /* Parquette (macOS) */;
			targetProxy = 492E72E325CCC170003C8D58 /* PBXContainerItemProxy */;
		};
		492E730825CCC1B9003C8D58 /* PBXTargetDependency */ = {
			isa = PBXTargetDependency;
			target = 49175ECE25BF6138003E9FEF /* SwiftArrow */;
			targetProxy = 492E730725CCC1B9003C8D58 /* PBXContainerItemProxy */;
		};
/* End PBXTargetDependency section */

/* Begin XCBuildConfiguration section */
		49175EE125BF6139003E9FEF /* Debug */ = {
			isa = XCBuildConfiguration;
			buildSettings = {
				ALWAYS_SEARCH_USER_PATHS = NO;
				CLANG_ANALYZER_NONNULL = YES;
				CLANG_ANALYZER_NUMBER_OBJECT_CONVERSION = YES_AGGRESSIVE;
				CLANG_CXX_LANGUAGE_STANDARD = "gnu++14";
				CLANG_CXX_LIBRARY = "libc++";
				CLANG_ENABLE_MODULES = YES;
				CLANG_ENABLE_OBJC_ARC = YES;
				CLANG_ENABLE_OBJC_WEAK = YES;
				CLANG_WARN_BLOCK_CAPTURE_AUTORELEASING = YES;
				CLANG_WARN_BOOL_CONVERSION = YES;
				CLANG_WARN_COMMA = YES;
				CLANG_WARN_CONSTANT_CONVERSION = YES;
				CLANG_WARN_DEPRECATED_OBJC_IMPLEMENTATIONS = YES;
				CLANG_WARN_DIRECT_OBJC_ISA_USAGE = YES_ERROR;
				CLANG_WARN_DOCUMENTATION_COMMENTS = YES;
				CLANG_WARN_EMPTY_BODY = YES;
				CLANG_WARN_ENUM_CONVERSION = YES;
				CLANG_WARN_INFINITE_RECURSION = YES;
				CLANG_WARN_INT_CONVERSION = YES;
				CLANG_WARN_NON_LITERAL_NULL_CONVERSION = YES;
				CLANG_WARN_OBJC_IMPLICIT_RETAIN_SELF = YES;
				CLANG_WARN_OBJC_LITERAL_CONVERSION = YES;
				CLANG_WARN_OBJC_ROOT_CLASS = YES_ERROR;
				CLANG_WARN_QUOTED_INCLUDE_IN_FRAMEWORK_HEADER = YES;
				CLANG_WARN_RANGE_LOOP_ANALYSIS = YES;
				CLANG_WARN_STRICT_PROTOTYPES = YES;
				CLANG_WARN_SUSPICIOUS_MOVE = YES;
				CLANG_WARN_UNGUARDED_AVAILABILITY = YES_AGGRESSIVE;
				CLANG_WARN_UNREACHABLE_CODE = YES;
				CLANG_WARN__DUPLICATE_METHOD_MATCH = YES;
				COPY_PHASE_STRIP = NO;
				CURRENT_PROJECT_VERSION = 1;
				DEBUG_INFORMATION_FORMAT = dwarf;
				ENABLE_STRICT_OBJC_MSGSEND = YES;
				ENABLE_TESTABILITY = YES;
				GCC_C_LANGUAGE_STANDARD = gnu11;
				GCC_DYNAMIC_NO_PIC = NO;
				GCC_NO_COMMON_BLOCKS = YES;
				GCC_OPTIMIZATION_LEVEL = 0;
				GCC_PREPROCESSOR_DEFINITIONS = (
					"DEBUG=1",
					"$(inherited)",
				);
				GCC_WARN_64_TO_32_BIT_CONVERSION = YES;
				GCC_WARN_ABOUT_RETURN_TYPE = YES_ERROR;
				GCC_WARN_UNDECLARED_SELECTOR = YES;
				GCC_WARN_UNINITIALIZED_AUTOS = YES_AGGRESSIVE;
				GCC_WARN_UNUSED_FUNCTION = YES;
				GCC_WARN_UNUSED_VARIABLE = YES;
				IPHONEOS_DEPLOYMENT_TARGET = 14.4;
				MACOSX_DEPLOYMENT_TARGET = 10.15;
				MTL_ENABLE_DEBUG_INFO = INCLUDE_SOURCE;
				MTL_FAST_MATH = YES;
				ONLY_ACTIVE_ARCH = YES;
				SDKROOT = macosx;
				SWIFT_ACTIVE_COMPILATION_CONDITIONS = DEBUG;
				SWIFT_OPTIMIZATION_LEVEL = "-Onone";
				VERSIONING_SYSTEM = "apple-generic";
				VERSION_INFO_PREFIX = "";
			};
			name = Debug;
		};
		49175EE225BF6139003E9FEF /* Release */ = {
			isa = XCBuildConfiguration;
			buildSettings = {
				ALWAYS_SEARCH_USER_PATHS = NO;
				CLANG_ANALYZER_NONNULL = YES;
				CLANG_ANALYZER_NUMBER_OBJECT_CONVERSION = YES_AGGRESSIVE;
				CLANG_CXX_LANGUAGE_STANDARD = "gnu++14";
				CLANG_CXX_LIBRARY = "libc++";
				CLANG_ENABLE_MODULES = YES;
				CLANG_ENABLE_OBJC_ARC = YES;
				CLANG_ENABLE_OBJC_WEAK = YES;
				CLANG_WARN_BLOCK_CAPTURE_AUTORELEASING = YES;
				CLANG_WARN_BOOL_CONVERSION = YES;
				CLANG_WARN_COMMA = YES;
				CLANG_WARN_CONSTANT_CONVERSION = YES;
				CLANG_WARN_DEPRECATED_OBJC_IMPLEMENTATIONS = YES;
				CLANG_WARN_DIRECT_OBJC_ISA_USAGE = YES_ERROR;
				CLANG_WARN_DOCUMENTATION_COMMENTS = YES;
				CLANG_WARN_EMPTY_BODY = YES;
				CLANG_WARN_ENUM_CONVERSION = YES;
				CLANG_WARN_INFINITE_RECURSION = YES;
				CLANG_WARN_INT_CONVERSION = YES;
				CLANG_WARN_NON_LITERAL_NULL_CONVERSION = YES;
				CLANG_WARN_OBJC_IMPLICIT_RETAIN_SELF = YES;
				CLANG_WARN_OBJC_LITERAL_CONVERSION = YES;
				CLANG_WARN_OBJC_ROOT_CLASS = YES_ERROR;
				CLANG_WARN_QUOTED_INCLUDE_IN_FRAMEWORK_HEADER = YES;
				CLANG_WARN_RANGE_LOOP_ANALYSIS = YES;
				CLANG_WARN_STRICT_PROTOTYPES = YES;
				CLANG_WARN_SUSPICIOUS_MOVE = YES;
				CLANG_WARN_UNGUARDED_AVAILABILITY = YES_AGGRESSIVE;
				CLANG_WARN_UNREACHABLE_CODE = YES;
				CLANG_WARN__DUPLICATE_METHOD_MATCH = YES;
				COPY_PHASE_STRIP = NO;
				CURRENT_PROJECT_VERSION = 1;
				DEBUG_INFORMATION_FORMAT = "dwarf-with-dsym";
				ENABLE_NS_ASSERTIONS = NO;
				ENABLE_STRICT_OBJC_MSGSEND = YES;
				GCC_C_LANGUAGE_STANDARD = gnu11;
				GCC_NO_COMMON_BLOCKS = YES;
				GCC_WARN_64_TO_32_BIT_CONVERSION = YES;
				GCC_WARN_ABOUT_RETURN_TYPE = YES_ERROR;
				GCC_WARN_UNDECLARED_SELECTOR = YES;
				GCC_WARN_UNINITIALIZED_AUTOS = YES_AGGRESSIVE;
				GCC_WARN_UNUSED_FUNCTION = YES;
				GCC_WARN_UNUSED_VARIABLE = YES;
				IPHONEOS_DEPLOYMENT_TARGET = 14.4;
				MACOSX_DEPLOYMENT_TARGET = 10.15;
				MTL_ENABLE_DEBUG_INFO = NO;
				MTL_FAST_MATH = YES;
				SDKROOT = macosx;
				SWIFT_COMPILATION_MODE = wholemodule;
				SWIFT_OPTIMIZATION_LEVEL = "-O";
				VERSIONING_SYSTEM = "apple-generic";
				VERSION_INFO_PREFIX = "";
			};
			name = Release;
		};
		49175EE425BF6139003E9FEF /* Debug */ = {
			isa = XCBuildConfiguration;
			buildSettings = {
				CLANG_ENABLE_MODULES = YES;
				CODE_SIGN_IDENTITY = "Apple Development";
				CODE_SIGN_STYLE = Manual;
				COMBINE_HIDPI_IMAGES = YES;
				DEFINES_MODULE = YES;
				DEVELOPMENT_TEAM = "";
				DYLIB_COMPATIBILITY_VERSION = 1;
				DYLIB_CURRENT_VERSION = 1;
				DYLIB_INSTALL_NAME_BASE = "@rpath";
				INFOPLIST_FILE = SwiftArrow/Info.plist;
				INSTALL_PATH = "$(LOCAL_LIBRARY_DIR)/Frameworks";
				LD_RUNPATH_SEARCH_PATHS = (
					"$(inherited)",
					"@executable_path/../Frameworks",
					"@loader_path/Frameworks",
				);
				LIBRARY_SEARCH_PATHS = (
					"$(inherited)",
					"$(PROJECT_DIR)/arcolyte/target",
				);
				MODULEMAP_FILE = SwiftArrow/SwiftArrow.modulemap;
				PRODUCT_BUNDLE_IDENTIFIER = io.glimpse.SwiftArrow;
				PRODUCT_NAME = "$(TARGET_NAME:c99extidentifier)";
				PROVISIONING_PROFILE_SPECIFIER = "";
				SKIP_INSTALL = YES;
				SWIFT_OPTIMIZATION_LEVEL = "-Onone";
				SWIFT_VERSION = 5.0;
			};
			name = Debug;
		};
		49175EE525BF6139003E9FEF /* Release */ = {
			isa = XCBuildConfiguration;
			buildSettings = {
				CLANG_ENABLE_MODULES = YES;
				CODE_SIGN_IDENTITY = "Apple Development";
				CODE_SIGN_STYLE = Manual;
				COMBINE_HIDPI_IMAGES = YES;
				DEFINES_MODULE = YES;
				DEVELOPMENT_TEAM = "";
				DYLIB_COMPATIBILITY_VERSION = 1;
				DYLIB_CURRENT_VERSION = 1;
				DYLIB_INSTALL_NAME_BASE = "@rpath";
				INFOPLIST_FILE = SwiftArrow/Info.plist;
				INSTALL_PATH = "$(LOCAL_LIBRARY_DIR)/Frameworks";
				LD_RUNPATH_SEARCH_PATHS = (
					"$(inherited)",
					"@executable_path/../Frameworks",
					"@loader_path/Frameworks",
				);
				LIBRARY_SEARCH_PATHS = (
					"$(inherited)",
					"$(PROJECT_DIR)/arcolyte/target",
				);
				MODULEMAP_FILE = SwiftArrow/SwiftArrow.modulemap;
				PRODUCT_BUNDLE_IDENTIFIER = io.glimpse.SwiftArrow;
				PRODUCT_NAME = "$(TARGET_NAME:c99extidentifier)";
				PROVISIONING_PROFILE_SPECIFIER = "";
				SKIP_INSTALL = YES;
				SWIFT_VERSION = 5.0;
			};
			name = Release;
		};
		49175EE725BF6139003E9FEF /* Debug */ = {
			isa = XCBuildConfiguration;
			buildSettings = {
				ALWAYS_EMBED_SWIFT_STANDARD_LIBRARIES = YES;
				CODE_SIGN_STYLE = Manual;
				COMBINE_HIDPI_IMAGES = YES;
				DEVELOPMENT_TEAM = "";
				INFOPLIST_FILE = SwiftArrowTests/Info.plist;
				LD_RUNPATH_SEARCH_PATHS = (
					"$(inherited)",
					"@executable_path/../Frameworks",
					"@loader_path/../Frameworks",
				);
				PRODUCT_BUNDLE_IDENTIFIER = io.glimpse.SwiftArrowTests;
				PRODUCT_NAME = "$(TARGET_NAME)";
				PROVISIONING_PROFILE_SPECIFIER = "";
				SWIFT_VERSION = 5.0;
			};
			name = Debug;
		};
		49175EE825BF6139003E9FEF /* Release */ = {
			isa = XCBuildConfiguration;
			buildSettings = {
				ALWAYS_EMBED_SWIFT_STANDARD_LIBRARIES = YES;
				CODE_SIGN_STYLE = Manual;
				COMBINE_HIDPI_IMAGES = YES;
				DEVELOPMENT_TEAM = "";
				INFOPLIST_FILE = SwiftArrowTests/Info.plist;
				LD_RUNPATH_SEARCH_PATHS = (
					"$(inherited)",
					"@executable_path/../Frameworks",
					"@loader_path/../Frameworks",
				);
				PRODUCT_BUNDLE_IDENTIFIER = io.glimpse.SwiftArrowTests;
				PRODUCT_NAME = "$(TARGET_NAME)";
				PROVISIONING_PROFILE_SPECIFIER = "";
				SWIFT_VERSION = 5.0;
			};
			name = Release;
		};
		492E72F225CCC170003C8D58 /* Debug */ = {
			isa = XCBuildConfiguration;
			buildSettings = {
				ASSETCATALOG_COMPILER_APPICON_NAME = AppIcon;
				ASSETCATALOG_COMPILER_GLOBAL_ACCENT_COLOR_NAME = AccentColor;
				CODE_SIGN_STYLE = Automatic;
				DEVELOPMENT_TEAM = "";
				ENABLE_PREVIEWS = YES;
				INFOPLIST_FILE = iOS/Info.plist;
				IPHONEOS_DEPLOYMENT_TARGET = 14.0;
				LD_RUNPATH_SEARCH_PATHS = (
					"$(inherited)",
					"@executable_path/Frameworks",
				);
				PRODUCT_BUNDLE_IDENTIFIER = net.parquette.Parquette;
				PRODUCT_NAME = Parquette;
				SDKROOT = iphoneos;
				SWIFT_VERSION = 5.0;
				TARGETED_DEVICE_FAMILY = "1,2";
			};
			name = Debug;
		};
		492E72F325CCC170003C8D58 /* Release */ = {
			isa = XCBuildConfiguration;
			buildSettings = {
				ASSETCATALOG_COMPILER_APPICON_NAME = AppIcon;
				ASSETCATALOG_COMPILER_GLOBAL_ACCENT_COLOR_NAME = AccentColor;
				CODE_SIGN_STYLE = Automatic;
				DEVELOPMENT_TEAM = "";
				ENABLE_PREVIEWS = YES;
				INFOPLIST_FILE = iOS/Info.plist;
				IPHONEOS_DEPLOYMENT_TARGET = 14.0;
				LD_RUNPATH_SEARCH_PATHS = (
					"$(inherited)",
					"@executable_path/Frameworks",
				);
				PRODUCT_BUNDLE_IDENTIFIER = net.parquette.Parquette;
				PRODUCT_NAME = Parquette;
				SDKROOT = iphoneos;
				SWIFT_VERSION = 5.0;
				TARGETED_DEVICE_FAMILY = "1,2";
				VALIDATE_PRODUCT = YES;
			};
			name = Release;
		};
		492E72F525CCC170003C8D58 /* Debug */ = {
			isa = XCBuildConfiguration;
			buildSettings = {
				ASSETCATALOG_COMPILER_APPICON_NAME = AppIcon;
				ASSETCATALOG_COMPILER_GLOBAL_ACCENT_COLOR_NAME = AccentColor;
				CODE_SIGN_ENTITLEMENTS = macOS/macOS.entitlements;
				CODE_SIGN_IDENTITY = "-";
				CODE_SIGN_STYLE = Automatic;
				COMBINE_HIDPI_IMAGES = YES;
				DEVELOPMENT_TEAM = "";
				ENABLE_HARDENED_RUNTIME = YES;
				ENABLE_PREVIEWS = YES;
				INFOPLIST_FILE = macOS/Info.plist;
				LD_RUNPATH_SEARCH_PATHS = (
					"$(inherited)",
					"@executable_path/../Frameworks",
				);
				MACOSX_DEPLOYMENT_TARGET = 11.0;
				PRODUCT_BUNDLE_IDENTIFIER = net.parquette.Parquette;
				PRODUCT_NAME = Parquette;
				PROVISIONING_PROFILE_SPECIFIER = "";
				SDKROOT = macosx;
				SWIFT_VERSION = 5.0;
			};
			name = Debug;
		};
		492E72F625CCC170003C8D58 /* Release */ = {
			isa = XCBuildConfiguration;
			buildSettings = {
				ASSETCATALOG_COMPILER_APPICON_NAME = AppIcon;
				ASSETCATALOG_COMPILER_GLOBAL_ACCENT_COLOR_NAME = AccentColor;
				CODE_SIGN_ENTITLEMENTS = macOS/macOS.entitlements;
				CODE_SIGN_IDENTITY = "-";
				CODE_SIGN_STYLE = Automatic;
				COMBINE_HIDPI_IMAGES = YES;
				DEVELOPMENT_TEAM = "";
				ENABLE_HARDENED_RUNTIME = YES;
				ENABLE_PREVIEWS = YES;
				INFOPLIST_FILE = macOS/Info.plist;
				LD_RUNPATH_SEARCH_PATHS = (
					"$(inherited)",
					"@executable_path/../Frameworks",
				);
				MACOSX_DEPLOYMENT_TARGET = 11.0;
				PRODUCT_BUNDLE_IDENTIFIER = net.parquette.Parquette;
				PRODUCT_NAME = Parquette;
				PROVISIONING_PROFILE_SPECIFIER = "";
				SDKROOT = macosx;
				SWIFT_VERSION = 5.0;
			};
			name = Release;
		};
		492E72F825CCC170003C8D58 /* Debug */ = {
			isa = XCBuildConfiguration;
			buildSettings = {
				ALWAYS_EMBED_SWIFT_STANDARD_LIBRARIES = YES;
				CODE_SIGN_STYLE = Automatic;
				DEVELOPMENT_TEAM = RZQAW46AC7;
				INFOPLIST_FILE = "Tests iOS/Info.plist";
				IPHONEOS_DEPLOYMENT_TARGET = 14.4;
				LD_RUNPATH_SEARCH_PATHS = (
					"$(inherited)",
					"@executable_path/Frameworks",
					"@loader_path/Frameworks",
				);
				PRODUCT_BUNDLE_IDENTIFIER = "net.parquette.Tests-iOS";
				PRODUCT_NAME = "$(TARGET_NAME)";
				SDKROOT = iphoneos;
				SWIFT_VERSION = 5.0;
				TARGETED_DEVICE_FAMILY = "1,2";
				TEST_TARGET_NAME = "Parquette (iOS)";
			};
			name = Debug;
		};
		492E72F925CCC170003C8D58 /* Release */ = {
			isa = XCBuildConfiguration;
			buildSettings = {
				ALWAYS_EMBED_SWIFT_STANDARD_LIBRARIES = YES;
				CODE_SIGN_STYLE = Automatic;
				DEVELOPMENT_TEAM = RZQAW46AC7;
				INFOPLIST_FILE = "Tests iOS/Info.plist";
				IPHONEOS_DEPLOYMENT_TARGET = 14.4;
				LD_RUNPATH_SEARCH_PATHS = (
					"$(inherited)",
					"@executable_path/Frameworks",
					"@loader_path/Frameworks",
				);
				PRODUCT_BUNDLE_IDENTIFIER = "net.parquette.Tests-iOS";
				PRODUCT_NAME = "$(TARGET_NAME)";
				SDKROOT = iphoneos;
				SWIFT_VERSION = 5.0;
				TARGETED_DEVICE_FAMILY = "1,2";
				TEST_TARGET_NAME = "Parquette (iOS)";
				VALIDATE_PRODUCT = YES;
			};
			name = Release;
		};
		492E72FB25CCC170003C8D58 /* Debug */ = {
			isa = XCBuildConfiguration;
			buildSettings = {
				ALWAYS_EMBED_SWIFT_STANDARD_LIBRARIES = YES;
				CODE_SIGN_STYLE = Automatic;
				COMBINE_HIDPI_IMAGES = YES;
				DEVELOPMENT_TEAM = RZQAW46AC7;
				INFOPLIST_FILE = "Tests macOS/Info.plist";
				LD_RUNPATH_SEARCH_PATHS = (
					"$(inherited)",
					"@executable_path/../Frameworks",
					"@loader_path/../Frameworks",
				);
				PRODUCT_BUNDLE_IDENTIFIER = "net.parquette.Tests-macOS";
				PRODUCT_NAME = "$(TARGET_NAME)";
				SWIFT_VERSION = 5.0;
				TEST_TARGET_NAME = "Parquette (macOS)";
			};
			name = Debug;
		};
		492E72FC25CCC170003C8D58 /* Release */ = {
			isa = XCBuildConfiguration;
			buildSettings = {
				ALWAYS_EMBED_SWIFT_STANDARD_LIBRARIES = YES;
				CODE_SIGN_STYLE = Automatic;
				COMBINE_HIDPI_IMAGES = YES;
				DEVELOPMENT_TEAM = RZQAW46AC7;
				INFOPLIST_FILE = "Tests macOS/Info.plist";
				LD_RUNPATH_SEARCH_PATHS = (
					"$(inherited)",
					"@executable_path/../Frameworks",
					"@loader_path/../Frameworks",
				);
				PRODUCT_BUNDLE_IDENTIFIER = "net.parquette.Tests-macOS";
				PRODUCT_NAME = "$(TARGET_NAME)";
				SWIFT_VERSION = 5.0;
				TEST_TARGET_NAME = "Parquette (macOS)";
			};
			name = Release;
		};
/* End XCBuildConfiguration section */

/* Begin XCConfigurationList section */
		49175EC925BF6138003E9FEF /* Build configuration list for PBXProject "Parquette" */ = {
			isa = XCConfigurationList;
			buildConfigurations = (
				49175EE125BF6139003E9FEF /* Debug */,
				49175EE225BF6139003E9FEF /* Release */,
			);
			defaultConfigurationIsVisible = 0;
			defaultConfigurationName = Release;
		};
		49175EE325BF6139003E9FEF /* Build configuration list for PBXNativeTarget "SwiftArrow" */ = {
			isa = XCConfigurationList;
			buildConfigurations = (
				49175EE425BF6139003E9FEF /* Debug */,
				49175EE525BF6139003E9FEF /* Release */,
			);
			defaultConfigurationIsVisible = 0;
			defaultConfigurationName = Release;
		};
		49175EE625BF6139003E9FEF /* Build configuration list for PBXNativeTarget "SwiftArrowTests" */ = {
			isa = XCConfigurationList;
			buildConfigurations = (
				49175EE725BF6139003E9FEF /* Debug */,
				49175EE825BF6139003E9FEF /* Release */,
			);
			defaultConfigurationIsVisible = 0;
			defaultConfigurationName = Release;
		};
		492E72F125CCC170003C8D58 /* Build configuration list for PBXNativeTarget "Parquette (iOS)" */ = {
			isa = XCConfigurationList;
			buildConfigurations = (
				492E72F225CCC170003C8D58 /* Debug */,
				492E72F325CCC170003C8D58 /* Release */,
			);
			defaultConfigurationIsVisible = 0;
			defaultConfigurationName = Release;
		};
		492E72F425CCC170003C8D58 /* Build configuration list for PBXNativeTarget "Parquette (macOS)" */ = {
			isa = XCConfigurationList;
			buildConfigurations = (
				492E72F525CCC170003C8D58 /* Debug */,
				492E72F625CCC170003C8D58 /* Release */,
			);
			defaultConfigurationIsVisible = 0;
			defaultConfigurationName = Release;
		};
		492E72F725CCC170003C8D58 /* Build configuration list for PBXNativeTarget "Tests iOS" */ = {
			isa = XCConfigurationList;
			buildConfigurations = (
				492E72F825CCC170003C8D58 /* Debug */,
				492E72F925CCC170003C8D58 /* Release */,
			);
			defaultConfigurationIsVisible = 0;
			defaultConfigurationName = Release;
		};
		492E72FA25CCC170003C8D58 /* Build configuration list for PBXNativeTarget "Tests macOS" */ = {
			isa = XCConfigurationList;
			buildConfigurations = (
				492E72FB25CCC170003C8D58 /* Debug */,
				492E72FC25CCC170003C8D58 /* Release */,
			);
			defaultConfigurationIsVisible = 0;
			defaultConfigurationName = Release;
		};
/* End XCConfigurationList section */
	};
	rootObject = 49175EC625BF6138003E9FEF /* Project object */;
}
