{
  "object": {
    "pins": [
      {
        "package": "HighlightedTextEditor",
        "repositoryURL": "https://github.com/kyle-n/HighlightedTextEditor",
        "state": {
          "branch": null,
          "revision": "710bb6f99f3f1fa1db4d14c3fdd399b2df3b1fb3",
          "version": "1.7.0"
        }
      },
      {
        "package": "HubOMatic",
        "repositoryURL": "https://github.com/hubomatic/HubOMatic.git",
        "state": {
          "branch": null,
          "revision": "7ed291c5e95f9e04fa3340e555e7a8a0d0b4492d",
          "version": "0.0.8"
        }
      },
      {
        "package": "MiscKit",
        "repositoryURL": "https://github.com/glimpseio/MiscKit.git",
        "state": {
          "branch": "main",
          "revision": "db9db351319b7b606f558c9286665a8c13d17002",
          "version": null
        }
      },
      {
        "package": "Sparkle",
        "repositoryURL": "https://github.com/sparkle-project/Sparkle",
        "state": {
          "branch": null,
          "revision": "07b044dd8f304b3d05a6242a3f4c55ffb08d3f61",
          "version": "1.25.0-rc2"
        }
      }
    ]
  },
  "version": 1
}
